// !$*UTF8*$!
{
	archiveVersion = 1;
	classes = {
	};
	objectVersion = 50;
	objects = {

/* Begin PBXBuildFile section */
		61A138AD2332F0230066CF11 /* Item.swift in Sources */ = {isa = PBXBuildFile; fileRef = 61A138AC2332F0230066CF11 /* Item.swift */; };
		61EB764C232F44AA00BE468D /* AppDelegate.swift in Sources */ = {isa = PBXBuildFile; fileRef = 61EB764B232F44AA00BE468D /* AppDelegate.swift */; };
		61EB764E232F44AA00BE468D /* TodoListViewController.swift in Sources */ = {isa = PBXBuildFile; fileRef = 61EB764D232F44AA00BE468D /* TodoListViewController.swift */; };
		61EB7651232F44AA00BE468D /* Main.storyboard in Resources */ = {isa = PBXBuildFile; fileRef = 61EB764F232F44AA00BE468D /* Main.storyboard */; };
		61EB7653232F44AB00BE468D /* Assets.xcassets in Resources */ = {isa = PBXBuildFile; fileRef = 61EB7652232F44AB00BE468D /* Assets.xcassets */; };
		61EB7656232F44AB00BE468D /* LaunchScreen.storyboard in Resources */ = {isa = PBXBuildFile; fileRef = 61EB7654232F44AB00BE468D /* LaunchScreen.storyboard */; };
/* End PBXBuildFile section */

/* Begin PBXFileReference section */
		61A138AC2332F0230066CF11 /* Item.swift */ = {isa = PBXFileReference; lastKnownFileType = sourcecode.swift; path = Item.swift; sourceTree = "<group>"; };
		61EB7648232F44AA00BE468D /* ToDoL.app */ = {isa = PBXFileReference; explicitFileType = wrapper.application; includeInIndex = 0; path = ToDoL.app; sourceTree = BUILT_PRODUCTS_DIR; };
		61EB764B232F44AA00BE468D /* AppDelegate.swift */ = {isa = PBXFileReference; lastKnownFileType = sourcecode.swift; path = AppDelegate.swift; sourceTree = "<group>"; };
		61EB764D232F44AA00BE468D /* TodoListViewController.swift */ = {isa = PBXFileReference; lastKnownFileType = sourcecode.swift; path = TodoListViewController.swift; sourceTree = "<group>"; };
		61EB7650232F44AA00BE468D /* Base */ = {isa = PBXFileReference; lastKnownFileType = file.storyboard; name = Base; path = Base.lproj/Main.storyboard; sourceTree = "<group>"; };
		61EB7652232F44AB00BE468D /* Assets.xcassets */ = {isa = PBXFileReference; lastKnownFileType = folder.assetcatalog; path = Assets.xcassets; sourceTree = "<group>"; };
		61EB7655232F44AB00BE468D /* Base */ = {isa = PBXFileReference; lastKnownFileType = file.storyboard; name = Base; path = Base.lproj/LaunchScreen.storyboard; sourceTree = "<group>"; };
		61EB7657232F44AB00BE468D /* Info.plist */ = {isa = PBXFileReference; lastKnownFileType = text.plist.xml; path = Info.plist; sourceTree = "<group>"; };
/* End PBXFileReference section */

/* Begin PBXFrameworksBuildPhase section */
		61EB7645232F44AA00BE468D /* Frameworks */ = {
			isa = PBXFrameworksBuildPhase;
			buildActionMask = 2147483647;
			files = (
			);
			runOnlyForDeploymentPostprocessing = 0;
		};
/* End PBXFrameworksBuildPhase section */

/* Begin PBXGroup section */
		61A138AE2332F0350066CF11 /* Data Model */ = {
			isa = PBXGroup;
			children = (
				61A138AC2332F0230066CF11 /* Item.swift */,
			);
			path = "Data Model";
			sourceTree = "<group>";
		};
		61A138AF2332F0730066CF11 /* Controllers */ = {
			isa = PBXGroup;
			children = (
				61EB764D232F44AA00BE468D /* TodoListViewController.swift */,
			);
			path = Controllers;
			sourceTree = "<group>";
		};
		61A138B02332F0A80066CF11 /* Views */ = {
			isa = PBXGroup;
			children = (
				61EB764F232F44AA00BE468D /* Main.storyboard */,
			);
			path = Views;
			sourceTree = "<group>";
		};
		61A138B12332F0BD0066CF11 /* Supporting Files */ = {
			isa = PBXGroup;
			children = (
				61EB7652232F44AB00BE468D /* Assets.xcassets */,
				61EB7654232F44AB00BE468D /* LaunchScreen.storyboard */,
			);
			path = "Supporting Files";
			sourceTree = "<group>";
		};
		61EB763F232F44A900BE468D = {
			isa = PBXGroup;
			children = (
				61EB764A232F44AA00BE468D /* ToDoL */,
				61EB7649232F44AA00BE468D /* Products */,
			);
			sourceTree = "<group>";
		};
		61EB7649232F44AA00BE468D /* Products */ = {
			isa = PBXGroup;
			children = (
				61EB7648232F44AA00BE468D /* ToDoL.app */,
			);
			name = Products;
			sourceTree = "<group>";
		};
		61EB764A232F44AA00BE468D /* ToDoL */ = {
			isa = PBXGroup;
			children = (
				61EB764B232F44AA00BE468D /* AppDelegate.swift */,
				61A138AF2332F0730066CF11 /* Controllers */,
				61A138AE2332F0350066CF11 /* Data Model */,
				61A138B02332F0A80066CF11 /* Views */,
				61A138B12332F0BD0066CF11 /* Supporting Files */,
				61EB7657232F44AB00BE468D /* Info.plist */,
			);
			path = ToDoL;
			sourceTree = "<group>";
		};
/* End PBXGroup section */

/* Begin PBXNativeTarget section */
		61EB7647232F44AA00BE468D /* ToDoL */ = {
			isa = PBXNativeTarget;
			buildConfigurationList = 61EB765A232F44AB00BE468D /* Build configuration list for PBXNativeTarget "ToDoL" */;
			buildPhases = (
				61EB7644232F44AA00BE468D /* Sources */,
				61EB7645232F44AA00BE468D /* Frameworks */,
				61EB7646232F44AA00BE468D /* Resources */,
			);
			buildRules = (
			);
			dependencies = (
			);
			name = ToDoL;
			productName = ToDoL;
			productReference = 61EB7648232F44AA00BE468D /* ToDoL.app */;
			productType = "com.apple.product-type.application";
		};
/* End PBXNativeTarget section */

/* Begin PBXProject section */
		61EB7640232F44AA00BE468D /* Project object */ = {
			isa = PBXProject;
			attributes = {
				LastSwiftUpdateCheck = 1030;
				LastUpgradeCheck = 1030;
				ORGANIZATIONNAME = "Fernando Limón Flores";
				TargetAttributes = {
					61EB7647232F44AA00BE468D = {
						CreatedOnToolsVersion = 10.3;
					};
				};
			};
			buildConfigurationList = 61EB7643232F44AA00BE468D /* Build configuration list for PBXProject "ToDoL" */;
			compatibilityVersion = "Xcode 9.3";
			developmentRegion = en;
			hasScannedForEncodings = 0;
			knownRegions = (
				en,
				Base,
			);
			mainGroup = 61EB763F232F44A900BE468D;
			productRefGroup = 61EB7649232F44AA00BE468D /* Products */;
			projectDirPath = "";
			projectRoot = "";
			targets = (
				61EB7647232F44AA00BE468D /* ToDoL */,
			);
		};
/* End PBXProject section */

/* Begin PBXResourcesBuildPhase section */
		61EB7646232F44AA00BE468D /* Resources */ = {
			isa = PBXResourcesBuildPhase;
			buildActionMask = 2147483647;
			files = (
				61EB7656232F44AB00BE468D /* LaunchScreen.storyboard in Resources */,
				61EB7653232F44AB00BE468D /* Assets.xcassets in Resources */,
				61EB7651232F44AA00BE468D /* Main.storyboard in Resources */,
			);
			runOnlyForDeploymentPostprocessing = 0;
		};
/* End PBXResourcesBuildPhase section */

/* Begin PBXSourcesBuildPhase section */
		61EB7644232F44AA00BE468D /* Sources */ = {
			isa = PBXSourcesBuildPhase;
			buildActionMask = 2147483647;
			files = (
				61EB764E232F44AA00BE468D /* TodoListViewController.swift in Sources */,
				61A138AD2332F0230066CF11 /* Item.swift in Sources */,
				61EB764C232F44AA00BE468D /* AppDelegate.swift in Sources */,
			);
			runOnlyForDeploymentPostprocessing = 0;
		};
/* End PBXSourcesBuildPhase section */

/* Begin PBXVariantGroup section */
		61EB764F232F44AA00BE468D /* Main.storyboard */ = {
			isa = PBXVariantGroup;
			children = (
				61EB7650232F44AA00BE468D /* Base */,
			);
			name = Main.storyboard;
			sourceTree = "<group>";
		};
		61EB7654232F44AB00BE468D /* LaunchScreen.storyboard */ = {
			isa = PBXVariantGroup;
			children = (
				61EB7655232F44AB00BE468D /* Base */,
			);
			name = LaunchScreen.storyboard;
			sourceTree = "<group>";
		};
/* End PBXVariantGroup section */

/* Begin XCBuildConfiguration section */
		61EB7658232F44AB00BE468D /* Debug */ = {
			isa = XCBuildConfiguration;
			buildSettings = {
				ALWAYS_SEARCH_USER_PATHS = NO;
				CLANG_ANALYZER_NONNULL = YES;
				CLANG_ANALYZER_NUMBER_OBJECT_CONVERSION = YES_AGGRESSIVE;
				CLANG_CXX_LANGUAGE_STANDARD = "gnu++14";
				CLANG_CXX_LIBRARY = "libc++";
				CLANG_ENABLE_MODULES = YES;
				CLANG_ENABLE_OBJC_ARC = YES;
				CLANG_ENABLE_OBJC_WEAK = YES;
				CLANG_WARN_BLOCK_CAPTURE_AUTORELEASING = YES;
				CLANG_WARN_BOOL_CONVERSION = YES;
				CLANG_WARN_COMMA = YES;
				CLANG_WARN_CONSTANT_CONVERSION = YES;
				CLANG_WARN_DEPRECATED_OBJC_IMPLEMENTATIONS = YES;
				CLANG_WARN_DIRECT_OBJC_ISA_USAGE = YES_ERROR;
				CLANG_WARN_DOCUMENTATION_COMMENTS = YES;
				CLANG_WARN_EMPTY_BODY = YES;
				CLANG_WARN_ENUM_CONVERSION = YES;
				CLANG_WARN_INFINITE_RECURSION = YES;
				CLANG_WARN_INT_CONVERSION = YES;
				CLANG_WARN_NON_LITERAL_NULL_CONVERSION = YES;
				CLANG_WARN_OBJC_IMPLICIT_RETAIN_SELF = YES;
				CLANG_WARN_OBJC_LITERAL_CONVERSION = YES;
				CLANG_WARN_OBJC_ROOT_CLASS = YES_ERROR;
				CLANG_WARN_RANGE_LOOP_ANALYSIS = YES;
				CLANG_WARN_STRICT_PROTOTYPES = YES;
				CLANG_WARN_SUSPICIOUS_MOVE = YES;
				CLANG_WARN_UNGUARDED_AVAILABILITY = YES_AGGRESSIVE;
				CLANG_WARN_UNREACHABLE_CODE = YES;
				CLANG_WARN__DUPLICATE_METHOD_MATCH = YES;
				CODE_SIGN_IDENTITY = "iPhone Developer";
				COPY_PHASE_STRIP = NO;
				DEBUG_INFORMATION_FORMAT = dwarf;
				ENABLE_STRICT_OBJC_MSGSEND = YES;
				ENABLE_TESTABILITY = YES;
				GCC_C_LANGUAGE_STANDARD = gnu11;
				GCC_DYNAMIC_NO_PIC = NO;
				GCC_NO_COMMON_BLOCKS = YES;
				GCC_OPTIMIZATION_LEVEL = 0;
				GCC_PREPROCESSOR_DEFINITIONS = (
					"DEBUG=1",
					"$(inherited)",
				);
				GCC_WARN_64_TO_32_BIT_CONVERSION = YES;
				GCC_WARN_ABOUT_RETURN_TYPE = YES_ERROR;
				GCC_WARN_UNDECLARED_SELECTOR = YES;
				GCC_WARN_UNINITIALIZED_AUTOS = YES_AGGRESSIVE;
				GCC_WARN_UNUSED_FUNCTION = YES;
				GCC_WARN_UNUSED_VARIABLE = YES;
				IPHONEOS_DEPLOYMENT_TARGET = 12.4;
				MTL_ENABLE_DEBUG_INFO = INCLUDE_SOURCE;
				MTL_FAST_MATH = YES;
				ONLY_ACTIVE_ARCH = YES;
				SDKROOT = iphoneos;
				SWIFT_ACTIVE_COMPILATION_CONDITIONS = DEBUG;
				SWIFT_OPTIMIZATION_LEVEL = "-Onone";
			};
			name = Debug;
		};
		61EB7659232F44AB00BE468D /* Release */ = {
			isa = XCBuildConfiguration;
			buildSettings = {
				ALWAYS_SEARCH_USER_PATHS = NO;
				CLANG_ANALYZER_NONNULL = YES;
				CLANG_ANALYZER_NUMBER_OBJECT_CONVERSION = YES_AGGRESSIVE;
				CLANG_CXX_LANGUAGE_STANDARD = "gnu++14";
				CLANG_CXX_LIBRARY = "libc++";
				CLANG_ENABLE_MODULES = YES;
				CLANG_ENABLE_OBJC_ARC = YES;
				CLANG_ENABLE_OBJC_WEAK = YES;
				CLANG_WARN_BLOCK_CAPTURE_AUTORELEASING = YES;
				CLANG_WARN_BOOL_CONVERSION = YES;
				CLANG_WARN_COMMA = YES;
				CLANG_WARN_CONSTANT_CONVERSION = YES;
				CLANG_WARN_DEPRECATED_OBJC_IMPLEMENTATIONS = YES;
				CLANG_WARN_DIRECT_OBJC_ISA_USAGE = YES_ERROR;
				CLANG_WARN_DOCUMENTATION_COMMENTS = YES;
				CLANG_WARN_EMPTY_BODY = YES;
				CLANG_WARN_ENUM_CONVERSION = YES;
				CLANG_WARN_INFINITE_RECURSION = YES;
				CLANG_WARN_INT_CONVERSION = YES;
				CLANG_WARN_NON_LITERAL_NULL_CONVERSION = YES;
				CLANG_WARN_OBJC_IMPLICIT_RETAIN_SELF = YES;
				CLANG_WARN_OBJC_LITERAL_CONVERSION = YES;
				CLANG_WARN_OBJC_ROOT_CLASS = YES_ERROR;
				CLANG_WARN_RANGE_LOOP_ANALYSIS = YES;
				CLANG_WARN_STRICT_PROTOTYPES = YES;
				CLANG_WARN_SUSPICIOUS_MOVE = YES;
				CLANG_WARN_UNGUARDED_AVAILABILITY = YES_AGGRESSIVE;
				CLANG_WARN_UNREACHABLE_CODE = YES;
				CLANG_WARN__DUPLICATE_METHOD_MATCH = YES;
				CODE_SIGN_IDENTITY = "iPhone Developer";
				COPY_PHASE_STRIP = NO;
				DEBUG_INFORMATION_FORMAT = "dwarf-with-dsym";
				ENABLE_NS_ASSERTIONS = NO;
				ENABLE_STRICT_OBJC_MSGSEND = YES;
				GCC_C_LANGUAGE_STANDARD = gnu11;
				GCC_NO_COMMON_BLOCKS = YES;
				GCC_WARN_64_TO_32_BIT_CONVERSION = YES;
				GCC_WARN_ABOUT_RETURN_TYPE = YES_ERROR;
				GCC_WARN_UNDECLARED_SELECTOR = YES;
				GCC_WARN_UNINITIALIZED_AUTOS = YES_AGGRESSIVE;
				GCC_WARN_UNUSED_FUNCTION = YES;
				GCC_WARN_UNUSED_VARIABLE = YES;
				IPHONEOS_DEPLOYMENT_TARGET = 12.4;
				MTL_ENABLE_DEBUG_INFO = NO;
				MTL_FAST_MATH = YES;
				SDKROOT = iphoneos;
				SWIFT_COMPILATION_MODE = wholemodule;
				SWIFT_OPTIMIZATION_LEVEL = "-O";
				VALIDATE_PRODUCT = YES;
			};
			name = Release;
		};
		61EB765B232F44AB00BE468D /* Debug */ = {
			isa = XCBuildConfiguration;
			buildSettings = {
				ASSETCATALOG_COMPILER_APPICON_NAME = AppIcon;
				CODE_SIGN_STYLE = Automatic;
				DEVELOPMENT_TEAM = 8924C63JCR;
				INFOPLIST_FILE = ToDoL/Info.plist;
				LD_RUNPATH_SEARCH_PATHS = (
					"$(inherited)",
					"@executable_path/Frameworks",
				);
				PRODUCT_BUNDLE_IDENTIFIER = flimflo.ToDoL;
				PRODUCT_NAME = "$(TARGET_NAME)";
				SWIFT_VERSION = 5.0;
				TARGETED_DEVICE_FAMILY = "1,2";
			};
			name = Debug;
		};
		61EB765C232F44AB00BE468D /* Release */ = {
			isa = XCBuildConfiguration;
			buildSettings = {
				ASSETCATALOG_COMPILER_APPICON_NAME = AppIcon;
				CODE_SIGN_STYLE = Automatic;
				DEVELOPMENT_TEAM = 8924C63JCR;
				INFOPLIST_FILE = ToDoL/Info.plist;
				LD_RUNPATH_SEARCH_PATHS = (
					"$(inherited)",
					"@executable_path/Frameworks",
				);
				PRODUCT_BUNDLE_IDENTIFIER = flimflo.ToDoL;
				PRODUCT_NAME = "$(TARGET_NAME)";
				SWIFT_VERSION = 5.0;
				TARGETED_DEVICE_FAMILY = "1,2";
			};
			name = Release;
		};
/* End XCBuildConfiguration section */

/* Begin XCConfigurationList section */
		61EB7643232F44AA00BE468D /* Build configuration list for PBXProject "ToDoL" */ = {
			isa = XCConfigurationList;
			buildConfigurations = (
				61EB7658232F44AB00BE468D /* Debug */,
				61EB7659232F44AB00BE468D /* Release */,
			);
			defaultConfigurationIsVisible = 0;
			defaultConfigurationName = Release;
		};
		61EB765A232F44AB00BE468D /* Build configuration list for PBXNativeTarget "ToDoL" */ = {
			isa = XCConfigurationList;
			buildConfigurations = (
				61EB765B232F44AB00BE468D /* Debug */,
				61EB765C232F44AB00BE468D /* Release */,
			);
			defaultConfigurationIsVisible = 0;
			defaultConfigurationName = Release;
		};
/* End XCConfigurationList section */
	};
	rootObject = 61EB7640232F44AA00BE468D /* Project object */;
}
